
Microsoft Visual Studio Solution File, Format Version 12.00
# Visual Studio Version 16
VisualStudioVersion = 16.0.30104.148
MinimumVisualStudioVersion = 10.0.40219.1
Project("{FAE04EC0-301F-11D3-BF4B-00C04F79EFBC}") = "CsharpAmsiBypass", "CsharpAmsiBypass\CsharpAmsiBypass.csproj", "{4AB3B95D-373C-4197-8EE3-FE0FA66CA122}"
EndProject
Global
	GlobalSection(SolutionConfigurationPlatforms) = preSolution
		Debug|Any CPU = Debug|Any CPU
		Release|Any CPU = Release|Any CPU
	EndGlobalSection
	GlobalSection(ProjectConfigurationPlatforms) = postSolution
		{4AB3B95D-373C-4197-8EE3-FE0FA66CA122}.Debug|Any CPU.ActiveCfg = Debug|Any CPU
		{4AB3B95D-373C-4197-8EE3-FE0FA66CA122}.Debug|Any CPU.Build.0 = Debug|Any CPU
		{4AB3B95D-373C-4197-8EE3-FE0FA66CA122}.Release|Any CPU.ActiveCfg = Release|Any CPU
		{4AB3B95D-373C-4197-8EE3-FE0FA66CA122}.Release|Any CPU.Build.0 = Release|Any CPU
	EndGlobalSection
	GlobalSection(SolutionProperties) = preSolution
		HideSolutionNode = FALSE
	EndGlobalSection
	GlobalSection(ExtensibilityGlobals) = postSolution
		SolutionGuid = {CDC7B5E0-A39B-41E9-A300-2B1D1666F64A}
	EndGlobalSection
EndGlobal
